
Microsoft Visual Studio Solution File, Format Version 12.00
# Visual Studio 15
VisualStudioVersion = 15.0.28307.705
MinimumVisualStudioVersion = 10.0.40219.1
Project("{9A19103F-16F7-4668-BE54-9A1E7A4F7556}") = "ClassModel", "ClassModel\ClassModel.csproj", "{8B44766C-5AFC-462B-85C4-76DD0A156E4A}"
EndProject
Project("{9A19103F-16F7-4668-BE54-9A1E7A4F7556}") = "GatewayApi", "GatewayApi\GatewayApi.csproj", "{2B6F6CD1-6BB9-4F1F-9C8E-4DB2A95CD580}"
EndProject
Project("{9A19103F-16F7-4668-BE54-9A1E7A4F7556}") = "DashBoardService", "DashBoardService\DashBoardService.csproj", "{64ED9F38-062B-42FF-8575-0516B280CA2E}"
EndProject
Project("{9A19103F-16F7-4668-BE54-9A1E7A4F7556}") = "ServerConvert", "ServerConvert\ServerConvert.csproj", "{C04BBE61-86B1-4CD4-8644-4FBBDD4E606D}"
EndProject
Project("{FAE04EC0-301F-11D3-BF4B-00C04F79EFBC}") = "TestingListening", "TestingListening\TestingListening.csproj", "{05F90BBF-6E1B-46DF-9B82-BD12F0F997A9}"
EndProject
Global
	GlobalSection(SolutionConfigurationPlatforms) = preSolution
		Debug|Any CPU = Debug|Any CPU
		Release|Any CPU = Release|Any CPU
	EndGlobalSection
	GlobalSection(ProjectConfigurationPlatforms) = postSolution
		{8B44766C-5AFC-462B-85C4-76DD0A156E4A}.Debug|Any CPU.ActiveCfg = Debug|Any CPU
		{8B44766C-5AFC-462B-85C4-76DD0A156E4A}.Debug|Any CPU.Build.0 = Debug|Any CPU
		{8B44766C-5AFC-462B-85C4-76DD0A156E4A}.Release|Any CPU.ActiveCfg = Release|Any CPU
		{8B44766C-5AFC-462B-85C4-76DD0A156E4A}.Release|Any CPU.Build.0 = Release|Any CPU
		{2B6F6CD1-6BB9-4F1F-9C8E-4DB2A95CD580}.Debug|Any CPU.ActiveCfg = Debug|Any CPU
		{2B6F6CD1-6BB9-4F1F-9C8E-4DB2A95CD580}.Debug|Any CPU.Build.0 = Debug|Any CPU
		{2B6F6CD1-6BB9-4F1F-9C8E-4DB2A95CD580}.Release|Any CPU.ActiveCfg = Release|Any CPU
		{2B6F6CD1-6BB9-4F1F-9C8E-4DB2A95CD580}.Release|Any CPU.Build.0 = Release|Any CPU
		{64ED9F38-062B-42FF-8575-0516B280CA2E}.Debug|Any CPU.ActiveCfg = Debug|Any CPU
		{64ED9F38-062B-42FF-8575-0516B280CA2E}.Debug|Any CPU.Build.0 = Debug|Any CPU
		{64ED9F38-062B-42FF-8575-0516B280CA2E}.Release|Any CPU.ActiveCfg = Release|Any CPU
		{64ED9F38-062B-42FF-8575-0516B280CA2E}.Release|Any CPU.Build.0 = Release|Any CPU
		{C04BBE61-86B1-4CD4-8644-4FBBDD4E606D}.Debug|Any CPU.ActiveCfg = Debug|Any CPU
		{C04BBE61-86B1-4CD4-8644-4FBBDD4E606D}.Debug|Any CPU.Build.0 = Debug|Any CPU
		{C04BBE61-86B1-4CD4-8644-4FBBDD4E606D}.Release|Any CPU.ActiveCfg = Release|Any CPU
		{C04BBE61-86B1-4CD4-8644-4FBBDD4E606D}.Release|Any CPU.Build.0 = Release|Any CPU
		{05F90BBF-6E1B-46DF-9B82-BD12F0F997A9}.Debug|Any CPU.ActiveCfg = Debug|Any CPU
		{05F90BBF-6E1B-46DF-9B82-BD12F0F997A9}.Debug|Any CPU.Build.0 = Debug|Any CPU
		{05F90BBF-6E1B-46DF-9B82-BD12F0F997A9}.Release|Any CPU.ActiveCfg = Release|Any CPU
		{05F90BBF-6E1B-46DF-9B82-BD12F0F997A9}.Release|Any CPU.Build.0 = Release|Any CPU
	EndGlobalSection
	GlobalSection(SolutionProperties) = preSolution
		HideSolutionNode = FALSE
	EndGlobalSection
	GlobalSection(ExtensibilityGlobals) = postSolution
		SolutionGuid = {049637B5-5668-4EEE-BE02-92D97DDBD9F2}
	EndGlobalSection
EndGlobal
